// !$*UTF8*$!
{
	archiveVersion = 1;
	classes = {
	};
	objectVersion = 50;
	objects = {

/* Begin PBXBuildFile section */
		5F80B3892571F45B003084B7 /* AppDelegate.swift in Sources */ = {isa = PBXBuildFile; fileRef = 5F80B3882571F45B003084B7 /* AppDelegate.swift */; };
		5F80B38B2571F45B003084B7 /* SceneDelegate.swift in Sources */ = {isa = PBXBuildFile; fileRef = 5F80B38A2571F45B003084B7 /* SceneDelegate.swift */; };
		5F80B38D2571F45B003084B7 /* ViewController.swift in Sources */ = {isa = PBXBuildFile; fileRef = 5F80B38C2571F45B003084B7 /* ViewController.swift */; };
		5F80B3902571F45B003084B7 /* Main.storyboard in Resources */ = {isa = PBXBuildFile; fileRef = 5F80B38E2571F45B003084B7 /* Main.storyboard */; };
		5F80B3922571F45F003084B7 /* Assets.xcassets in Resources */ = {isa = PBXBuildFile; fileRef = 5F80B3912571F45F003084B7 /* Assets.xcassets */; };
		5F80B3952571F45F003084B7 /* LaunchScreen.storyboard in Resources */ = {isa = PBXBuildFile; fileRef = 5F80B3932571F45F003084B7 /* LaunchScreen.storyboard */; };
		5F80B3C22571FBEF003084B7 /* Alert.swift in Sources */ = {isa = PBXBuildFile; fileRef = 5F80B3C12571FBEF003084B7 /* Alert.swift */; };
/* End PBXBuildFile section */

/* Begin PBXContainerItemProxy section */
		5F80B39C2571F460003084B7 /* PBXContainerItemProxy */ = {
			isa = PBXContainerItemProxy;
			containerPortal = 5F80B37D2571F45B003084B7 /* Project object */;
			proxyType = 1;
			remoteGlobalIDString = 5F80B3842571F45B003084B7;
			remoteInfo = "Part5-division-";
		};
		5F80B3A72571F460003084B7 /* PBXContainerItemProxy */ = {
			isa = PBXContainerItemProxy;
			containerPortal = 5F80B37D2571F45B003084B7 /* Project object */;
			proxyType = 1;
			remoteGlobalIDString = 5F80B3842571F45B003084B7;
			remoteInfo = "Part5-division-";
		};
/* End PBXContainerItemProxy section */

/* Begin PBXFileReference section */
		5F80B3852571F45B003084B7 /* Part5-division-.app */ = {isa = PBXFileReference; explicitFileType = wrapper.application; includeInIndex = 0; path = "Part5-division-.app"; sourceTree = BUILT_PRODUCTS_DIR; };
		5F80B3882571F45B003084B7 /* AppDelegate.swift */ = {isa = PBXFileReference; lastKnownFileType = sourcecode.swift; path = AppDelegate.swift; sourceTree = "<group>"; };
		5F80B38A2571F45B003084B7 /* SceneDelegate.swift */ = {isa = PBXFileReference; lastKnownFileType = sourcecode.swift; path = SceneDelegate.swift; sourceTree = "<group>"; };
		5F80B38C2571F45B003084B7 /* ViewController.swift */ = {isa = PBXFileReference; lastKnownFileType = sourcecode.swift; path = ViewController.swift; sourceTree = "<group>"; };
		5F80B38F2571F45B003084B7 /* Base */ = {isa = PBXFileReference; lastKnownFileType = file.storyboard; name = Base; path = Base.lproj/Main.storyboard; sourceTree = "<group>"; };
		5F80B3912571F45F003084B7 /* Assets.xcassets */ = {isa = PBXFileReference; lastKnownFileType = folder.assetcatalog; path = Assets.xcassets; sourceTree = "<group>"; };
		5F80B3942571F45F003084B7 /* Base */ = {isa = PBXFileReference; lastKnownFileType = file.storyboard; name = Base; path = Base.lproj/LaunchScreen.storyboard; sourceTree = "<group>"; };
		5F80B3962571F45F003084B7 /* Info.plist */ = {isa = PBXFileReference; lastKnownFileType = text.plist.xml; path = Info.plist; sourceTree = "<group>"; };
		5F80B39B2571F460003084B7 /* Part5-division-Tests.xctest */ = {isa = PBXFileReference; explicitFileType = wrapper.cfbundle; includeInIndex = 0; path = "Part5-division-Tests.xctest"; sourceTree = BUILT_PRODUCTS_DIR; };
		5F80B3A62571F460003084B7 /* Part5-division-UITests.xctest */ = {isa = PBXFileReference; explicitFileType = wrapper.cfbundle; includeInIndex = 0; path = "Part5-division-UITests.xctest"; sourceTree = BUILT_PRODUCTS_DIR; };
		5F80B3C12571FBEF003084B7 /* Alert.swift */ = {isa = PBXFileReference; lastKnownFileType = sourcecode.swift; path = Alert.swift; sourceTree = "<group>"; };
/* End PBXFileReference section */

/* Begin PBXFrameworksBuildPhase section */
		5F80B3822571F45B003084B7 /* Frameworks */ = {
			isa = PBXFrameworksBuildPhase;
			buildActionMask = 2147483647;
			files = (
			);
			runOnlyForDeploymentPostprocessing = 0;
		};
		5F80B3982571F460003084B7 /* Frameworks */ = {
			isa = PBXFrameworksBuildPhase;
			buildActionMask = 2147483647;
			files = (
			);
			runOnlyForDeploymentPostprocessing = 0;
		};
		5F80B3A32571F460003084B7 /* Frameworks */ = {
			isa = PBXFrameworksBuildPhase;
			buildActionMask = 2147483647;
			files = (
			);
			runOnlyForDeploymentPostprocessing = 0;
		};
/* End PBXFrameworksBuildPhase section */

/* Begin PBXGroup section */
		5F80B37C2571F45B003084B7 = {
			isa = PBXGroup;
			children = (
				5F80B3872571F45B003084B7 /* Part5-division- */,
				5F80B3862571F45B003084B7 /* Products */,
			);
			sourceTree = "<group>";
		};
		5F80B3862571F45B003084B7 /* Products */ = {
			isa = PBXGroup;
			children = (
				5F80B3852571F45B003084B7 /* Part5-division-.app */,
				5F80B39B2571F460003084B7 /* Part5-division-Tests.xctest */,
				5F80B3A62571F460003084B7 /* Part5-division-UITests.xctest */,
			);
			name = Products;
			sourceTree = "<group>";
		};
		5F80B3872571F45B003084B7 /* Part5-division- */ = {
			isa = PBXGroup;
			children = (
				5F80B3882571F45B003084B7 /* AppDelegate.swift */,
				5F80B38A2571F45B003084B7 /* SceneDelegate.swift */,
				5F80B3C12571FBEF003084B7 /* Alert.swift */,
				5F80B38C2571F45B003084B7 /* ViewController.swift */,
				5F80B38E2571F45B003084B7 /* Main.storyboard */,
				5F80B3912571F45F003084B7 /* Assets.xcassets */,
				5F80B3932571F45F003084B7 /* LaunchScreen.storyboard */,
				5F80B3962571F45F003084B7 /* Info.plist */,
			);
			path = "Part5-division-";
			sourceTree = "<group>";
		};
/* End PBXGroup section */

/* Begin PBXNativeTarget section */
		5F80B3842571F45B003084B7 /* Part5-division- */ = {
			isa = PBXNativeTarget;
			buildConfigurationList = 5F80B3AF2571F460003084B7 /* Build configuration list for PBXNativeTarget "Part5-division-" */;
			buildPhases = (
				5F80B3812571F45B003084B7 /* Sources */,
				5F80B3822571F45B003084B7 /* Frameworks */,
				5F80B3832571F45B003084B7 /* Resources */,
			);
			buildRules = (
			);
			dependencies = (
			);
			name = "Part5-division-";
			productName = "Part5-division-";
			productReference = 5F80B3852571F45B003084B7 /* Part5-division-.app */;
			productType = "com.apple.product-type.application";
		};
		5F80B39A2571F460003084B7 /* Part5-division-Tests */ = {
			isa = PBXNativeTarget;
			buildConfigurationList = 5F80B3B22571F460003084B7 /* Build configuration list for PBXNativeTarget "Part5-division-Tests" */;
			buildPhases = (
				5F80B3972571F460003084B7 /* Sources */,
				5F80B3982571F460003084B7 /* Frameworks */,
				5F80B3992571F460003084B7 /* Resources */,
			);
			buildRules = (
			);
			dependencies = (
				5F80B39D2571F460003084B7 /* PBXTargetDependency */,
			);
			name = "Part5-division-Tests";
			productName = "Part5-division-Tests";
			productReference = 5F80B39B2571F460003084B7 /* Part5-division-Tests.xctest */;
			productType = "com.apple.product-type.bundle.unit-test";
		};
		5F80B3A52571F460003084B7 /* Part5-division-UITests */ = {
			isa = PBXNativeTarget;
			buildConfigurationList = 5F80B3B52571F460003084B7 /* Build configuration list for PBXNativeTarget "Part5-division-UITests" */;
			buildPhases = (
				5F80B3A22571F460003084B7 /* Sources */,
				5F80B3A32571F460003084B7 /* Frameworks */,
				5F80B3A42571F460003084B7 /* Resources */,
			);
			buildRules = (
			);
			dependencies = (
				5F80B3A82571F460003084B7 /* PBXTargetDependency */,
			);
			name = "Part5-division-UITests";
			productName = "Part5-division-UITests";
			productReference = 5F80B3A62571F460003084B7 /* Part5-division-UITests.xctest */;
			productType = "com.apple.product-type.bundle.ui-testing";
		};
/* End PBXNativeTarget section */

/* Begin PBXProject section */
		5F80B37D2571F45B003084B7 /* Project object */ = {
			isa = PBXProject;
			attributes = {
				LastSwiftUpdateCheck = 1220;
				LastUpgradeCheck = 1220;
				TargetAttributes = {
					5F80B3842571F45B003084B7 = {
						CreatedOnToolsVersion = 12.2;
					};
					5F80B39A2571F460003084B7 = {
						CreatedOnToolsVersion = 12.2;
						TestTargetID = 5F80B3842571F45B003084B7;
					};
					5F80B3A52571F460003084B7 = {
						CreatedOnToolsVersion = 12.2;
						TestTargetID = 5F80B3842571F45B003084B7;
					};
				};
			};
			buildConfigurationList = 5F80B3802571F45B003084B7 /* Build configuration list for PBXProject "Part5-division-" */;
			compatibilityVersion = "Xcode 9.3";
			developmentRegion = en;
			hasScannedForEncodings = 0;
			knownRegions = (
				en,
				Base,
			);
			mainGroup = 5F80B37C2571F45B003084B7;
			productRefGroup = 5F80B3862571F45B003084B7 /* Products */;
			projectDirPath = "";
			projectRoot = "";
			targets = (
				5F80B3842571F45B003084B7 /* Part5-division- */,
				5F80B39A2571F460003084B7 /* Part5-division-Tests */,
				5F80B3A52571F460003084B7 /* Part5-division-UITests */,
			);
		};
/* End PBXProject section */

/* Begin PBXResourcesBuildPhase section */
		5F80B3832571F45B003084B7 /* Resources */ = {
			isa = PBXResourcesBuildPhase;
			buildActionMask = 2147483647;
			files = (
				5F80B3952571F45F003084B7 /* LaunchScreen.storyboard in Resources */,
				5F80B3922571F45F003084B7 /* Assets.xcassets in Resources */,
				5F80B3902571F45B003084B7 /* Main.storyboard in Resources */,
			);
			runOnlyForDeploymentPostprocessing = 0;
		};
		5F80B3992571F460003084B7 /* Resources */ = {
			isa = PBXResourcesBuildPhase;
			buildActionMask = 2147483647;
			files = (
			);
			runOnlyForDeploymentPostprocessing = 0;
		};
		5F80B3A42571F460003084B7 /* Resources */ = {
			isa = PBXResourcesBuildPhase;
			buildActionMask = 2147483647;
			files = (
			);
			runOnlyForDeploymentPostprocessing = 0;
		};
/* End PBXResourcesBuildPhase section */

/* Begin PBXSourcesBuildPhase section */
		5F80B3812571F45B003084B7 /* Sources */ = {
			isa = PBXSourcesBuildPhase;
			buildActionMask = 2147483647;
			files = (
				5F80B38D2571F45B003084B7 /* ViewController.swift in Sources */,
				5F80B3892571F45B003084B7 /* AppDelegate.swift in Sources */,
				5F80B3C22571FBEF003084B7 /* Alert.swift in Sources */,
				5F80B38B2571F45B003084B7 /* SceneDelegate.swift in Sources */,
			);
			runOnlyForDeploymentPostprocessing = 0;
		};
		5F80B3972571F460003084B7 /* Sources */ = {
			isa = PBXSourcesBuildPhase;
			buildActionMask = 2147483647;
			files = (
			);
			runOnlyForDeploymentPostprocessing = 0;
		};
		5F80B3A22571F460003084B7 /* Sources */ = {
			isa = PBXSourcesBuildPhase;
			buildActionMask = 2147483647;
			files = (
			);
			runOnlyForDeploymentPostprocessing = 0;
		};
/* End PBXSourcesBuildPhase section */

/* Begin PBXTargetDependency section */
		5F80B39D2571F460003084B7 /* PBXTargetDependency */ = {
			isa = PBXTargetDependency;
			target = 5F80B3842571F45B003084B7 /* Part5-division- */;
			targetProxy = 5F80B39C2571F460003084B7 /* PBXContainerItemProxy */;
		};
		5F80B3A82571F460003084B7 /* PBXTargetDependency */ = {
			isa = PBXTargetDependency;
			target = 5F80B3842571F45B003084B7 /* Part5-division- */;
			targetProxy = 5F80B3A72571F460003084B7 /* PBXContainerItemProxy */;
		};
/* End PBXTargetDependency section */

/* Begin PBXVariantGroup section */
		5F80B38E2571F45B003084B7 /* Main.storyboard */ = {
			isa = PBXVariantGroup;
			children = (
				5F80B38F2571F45B003084B7 /* Base */,
			);
			name = Main.storyboard;
			sourceTree = "<group>";
		};
		5F80B3932571F45F003084B7 /* LaunchScreen.storyboard */ = {
			isa = PBXVariantGroup;
			children = (
				5F80B3942571F45F003084B7 /* Base */,
			);
			name = LaunchScreen.storyboard;
			sourceTree = "<group>";
		};
/* End PBXVariantGroup section */

/* Begin XCBuildConfiguration section */
		5F80B3AD2571F460003084B7 /* Debug */ = {
			isa = XCBuildConfiguration;
			buildSettings = {
				ALWAYS_SEARCH_USER_PATHS = NO;
				CLANG_ANALYZER_NONNULL = YES;
				CLANG_ANALYZER_NUMBER_OBJECT_CONVERSION = YES_AGGRESSIVE;
				CLANG_CXX_LANGUAGE_STANDARD = "gnu++14";
				CLANG_CXX_LIBRARY = "libc++";
				CLANG_ENABLE_MODULES = YES;
				CLANG_ENABLE_OBJC_ARC = YES;
				CLANG_ENABLE_OBJC_WEAK = YES;
				CLANG_WARN_BLOCK_CAPTURE_AUTORELEASING = YES;
				CLANG_WARN_BOOL_CONVERSION = YES;
				CLANG_WARN_COMMA = YES;
				CLANG_WARN_CONSTANT_CONVERSION = YES;
				CLANG_WARN_DEPRECATED_OBJC_IMPLEMENTATIONS = YES;
				CLANG_WARN_DIRECT_OBJC_ISA_USAGE = YES_ERROR;
				CLANG_WARN_DOCUMENTATION_COMMENTS = YES;
				CLANG_WARN_EMPTY_BODY = YES;
				CLANG_WARN_ENUM_CONVERSION = YES;
				CLANG_WARN_INFINITE_RECURSION = YES;
				CLANG_WARN_INT_CONVERSION = YES;
				CLANG_WARN_NON_LITERAL_NULL_CONVERSION = YES;
				CLANG_WARN_OBJC_IMPLICIT_RETAIN_SELF = YES;
				CLANG_WARN_OBJC_LITERAL_CONVERSION = YES;
				CLANG_WARN_OBJC_ROOT_CLASS = YES_ERROR;
				CLANG_WARN_QUOTED_INCLUDE_IN_FRAMEWORK_HEADER = YES;
				CLANG_WARN_RANGE_LOOP_ANALYSIS = YES;
				CLANG_WARN_STRICT_PROTOTYPES = YES;
				CLANG_WARN_SUSPICIOUS_MOVE = YES;
				CLANG_WARN_UNGUARDED_AVAILABILITY = YES_AGGRESSIVE;
				CLANG_WARN_UNREACHABLE_CODE = YES;
				CLANG_WARN__DUPLICATE_METHOD_MATCH = YES;
				COPY_PHASE_STRIP = NO;
				DEBUG_INFORMATION_FORMAT = dwarf;
				ENABLE_STRICT_OBJC_MSGSEND = YES;
				ENABLE_TESTABILITY = YES;
				GCC_C_LANGUAGE_STANDARD = gnu11;
				GCC_DYNAMIC_NO_PIC = NO;
				GCC_NO_COMMON_BLOCKS = YES;
				GCC_OPTIMIZATION_LEVEL = 0;
				GCC_PREPROCESSOR_DEFINITIONS = (
					"DEBUG=1",
					"$(inherited)",
				);
				GCC_WARN_64_TO_32_BIT_CONVERSION = YES;
				GCC_WARN_ABOUT_RETURN_TYPE = YES_ERROR;
				GCC_WARN_UNDECLARED_SELECTOR = YES;
				GCC_WARN_UNINITIALIZED_AUTOS = YES_AGGRESSIVE;
				GCC_WARN_UNUSED_FUNCTION = YES;
				GCC_WARN_UNUSED_VARIABLE = YES;
				IPHONEOS_DEPLOYMENT_TARGET = 14.2;
				MTL_ENABLE_DEBUG_INFO = INCLUDE_SOURCE;
				MTL_FAST_MATH = YES;
				ONLY_ACTIVE_ARCH = YES;
				SDKROOT = iphoneos;
				SWIFT_ACTIVE_COMPILATION_CONDITIONS = DEBUG;
				SWIFT_OPTIMIZATION_LEVEL = "-Onone";
			};
			name = Debug;
		};
		5F80B3AE2571F460003084B7 /* Release */ = {
			isa = XCBuildConfiguration;
			buildSettings = {
				ALWAYS_SEARCH_USER_PATHS = NO;
				CLANG_ANALYZER_NONNULL = YES;
				CLANG_ANALYZER_NUMBER_OBJECT_CONVERSION = YES_AGGRESSIVE;
				CLANG_CXX_LANGUAGE_STANDARD = "gnu++14";
				CLANG_CXX_LIBRARY = "libc++";
				CLANG_ENABLE_MODULES = YES;
				CLANG_ENABLE_OBJC_ARC = YES;
				CLANG_ENABLE_OBJC_WEAK = YES;
				CLANG_WARN_BLOCK_CAPTURE_AUTORELEASING = YES;
				CLANG_WARN_BOOL_CONVERSION = YES;
				CLANG_WARN_COMMA = YES;
				CLANG_WARN_CONSTANT_CONVERSION = YES;
				CLANG_WARN_DEPRECATED_OBJC_IMPLEMENTATIONS = YES;
				CLANG_WARN_DIRECT_OBJC_ISA_USAGE = YES_ERROR;
				CLANG_WARN_DOCUMENTATION_COMMENTS = YES;
				CLANG_WARN_EMPTY_BODY = YES;
				CLANG_WARN_ENUM_CONVERSION = YES;
				CLANG_WARN_INFINITE_RECURSION = YES;
				CLANG_WARN_INT_CONVERSION = YES;
				CLANG_WARN_NON_LITERAL_NULL_CONVERSION = YES;
				CLANG_WARN_OBJC_IMPLICIT_RETAIN_SELF = YES;
				CLANG_WARN_OBJC_LITERAL_CONVERSION = YES;
				CLANG_WARN_OBJC_ROOT_CLASS = YES_ERROR;
				CLANG_WARN_QUOTED_INCLUDE_IN_FRAMEWORK_HEADER = YES;
				CLANG_WARN_RANGE_LOOP_ANALYSIS = YES;
				CLANG_WARN_STRICT_PROTOTYPES = YES;
				CLANG_WARN_SUSPICIOUS_MOVE = YES;
				CLANG_WARN_UNGUARDED_AVAILABILITY = YES_AGGRESSIVE;
				CLANG_WARN_UNREACHABLE_CODE = YES;
				CLANG_WARN__DUPLICATE_METHOD_MATCH = YES;
				COPY_PHASE_STRIP = NO;
				DEBUG_INFORMATION_FORMAT = "dwarf-with-dsym";
				ENABLE_NS_ASSERTIONS = NO;
				ENABLE_STRICT_OBJC_MSGSEND = YES;
				GCC_C_LANGUAGE_STANDARD = gnu11;
				GCC_NO_COMMON_BLOCKS = YES;
				GCC_WARN_64_TO_32_BIT_CONVERSION = YES;
				GCC_WARN_ABOUT_RETURN_TYPE = YES_ERROR;
				GCC_WARN_UNDECLARED_SELECTOR = YES;
				GCC_WARN_UNINITIALIZED_AUTOS = YES_AGGRESSIVE;
				GCC_WARN_UNUSED_FUNCTION = YES;
				GCC_WARN_UNUSED_VARIABLE = YES;
				IPHONEOS_DEPLOYMENT_TARGET = 14.2;
				MTL_ENABLE_DEBUG_INFO = NO;
				MTL_FAST_MATH = YES;
				SDKROOT = iphoneos;
				SWIFT_COMPILATION_MODE = wholemodule;
				SWIFT_OPTIMIZATION_LEVEL = "-O";
				VALIDATE_PRODUCT = YES;
			};
			name = Release;
		};
		5F80B3B02571F460003084B7 /* Debug */ = {
			isa = XCBuildConfiguration;
			buildSettings = {
				ASSETCATALOG_COMPILER_APPICON_NAME = AppIcon;
				ASSETCATALOG_COMPILER_GLOBAL_ACCENT_COLOR_NAME = AccentColor;
				CODE_SIGN_STYLE = Automatic;
				DEVELOPMENT_TEAM = 65Z4MKYS28;
				INFOPLIST_FILE = "Part5-division-/Info.plist";
				LD_RUNPATH_SEARCH_PATHS = (
					"$(inherited)",
					"@executable_path/Frameworks",
				);
				PRODUCT_BUNDLE_IDENTIFIER = "com.Nonoka.Part5-division-";
				PRODUCT_NAME = "$(TARGET_NAME)";
				SWIFT_VERSION = 5.0;
				TARGETED_DEVICE_FAMILY = "1,2";
			};
			name = Debug;
		};
		5F80B3B12571F460003084B7 /* Release */ = {
			isa = XCBuildConfiguration;
			buildSettings = {
				ASSETCATALOG_COMPILER_APPICON_NAME = AppIcon;
				ASSETCATALOG_COMPILER_GLOBAL_ACCENT_COLOR_NAME = AccentColor;
				CODE_SIGN_STYLE = Automatic;
				DEVELOPMENT_TEAM = 65Z4MKYS28;
				INFOPLIST_FILE = "Part5-division-/Info.plist";
				LD_RUNPATH_SEARCH_PATHS = (
					"$(inherited)",
					"@executable_path/Frameworks",
				);
				PRODUCT_BUNDLE_IDENTIFIER = "com.Nonoka.Part5-division-";
				PRODUCT_NAME = "$(TARGET_NAME)";
				SWIFT_VERSION = 5.0;
				TARGETED_DEVICE_FAMILY = "1,2";
			};
			name = Release;
		};
		5F80B3B32571F460003084B7 /* Debug */ = {
			isa = XCBuildConfiguration;
			buildSettings = {
				ALWAYS_EMBED_SWIFT_STANDARD_LIBRARIES = YES;
				BUNDLE_LOADER = "$(TEST_HOST)";
				CODE_SIGN_STYLE = Automatic;
				DEVELOPMENT_TEAM = 65Z4MKYS28;
				INFOPLIST_FILE = "Part5-division-Tests/Info.plist";
				IPHONEOS_DEPLOYMENT_TARGET = 14.2;
				LD_RUNPATH_SEARCH_PATHS = (
					"$(inherited)",
					"@executable_path/Frameworks",
					"@loader_path/Frameworks",
				);
				PRODUCT_BUNDLE_IDENTIFIER = "com.Nonoka.Part5-division-Tests";
				PRODUCT_NAME = "$(TARGET_NAME)";
				SWIFT_VERSION = 5.0;
				TARGETED_DEVICE_FAMILY = "1,2";
				TEST_HOST = "$(BUILT_PRODUCTS_DIR)/Part5-division-.app/Part5-division-";
			};
			name = Debug;
		};
		5F80B3B42571F460003084B7 /* Release */ = {
			isa = XCBuildConfiguration;
			buildSettings = {
				ALWAYS_EMBED_SWIFT_STANDARD_LIBRARIES = YES;
				BUNDLE_LOADER = "$(TEST_HOST)";
				CODE_SIGN_STYLE = Automatic;
				DEVELOPMENT_TEAM = 65Z4MKYS28;
				INFOPLIST_FILE = "Part5-division-Tests/Info.plist";
				IPHONEOS_DEPLOYMENT_TARGET = 14.2;
				LD_RUNPATH_SEARCH_PATHS = (
					"$(inherited)",
					"@executable_path/Frameworks",
					"@loader_path/Frameworks",
				);
				PRODUCT_BUNDLE_IDENTIFIER = "com.Nonoka.Part5-division-Tests";
				PRODUCT_NAME = "$(TARGET_NAME)";
				SWIFT_VERSION = 5.0;
				TARGETED_DEVICE_FAMILY = "1,2";
				TEST_HOST = "$(BUILT_PRODUCTS_DIR)/Part5-division-.app/Part5-division-";
			};
			name = Release;
		};
		5F80B3B62571F460003084B7 /* Debug */ = {
			isa = XCBuildConfiguration;
			buildSettings = {
				ALWAYS_EMBED_SWIFT_STANDARD_LIBRARIES = YES;
				CODE_SIGN_STYLE = Automatic;
				DEVELOPMENT_TEAM = 65Z4MKYS28;
				INFOPLIST_FILE = "Part5-division-UITests/Info.plist";
				LD_RUNPATH_SEARCH_PATHS = (
					"$(inherited)",
					"@executable_path/Frameworks",
					"@loader_path/Frameworks",
				);
				PRODUCT_BUNDLE_IDENTIFIER = "com.Nonoka.Part5-division-UITests";
				PRODUCT_NAME = "$(TARGET_NAME)";
				SWIFT_VERSION = 5.0;
				TARGETED_DEVICE_FAMILY = "1,2";
				TEST_TARGET_NAME = "Part5-division-";
			};
			name = Debug;
		};
		5F80B3B72571F460003084B7 /* Release */ = {
			isa = XCBuildConfiguration;
			buildSettings = {
				ALWAYS_EMBED_SWIFT_STANDARD_LIBRARIES = YES;
				CODE_SIGN_STYLE = Automatic;
				DEVELOPMENT_TEAM = 65Z4MKYS28;
				INFOPLIST_FILE = "Part5-division-UITests/Info.plist";
				LD_RUNPATH_SEARCH_PATHS = (
					"$(inherited)",
					"@executable_path/Frameworks",
					"@loader_path/Frameworks",
				);
				PRODUCT_BUNDLE_IDENTIFIER = "com.Nonoka.Part5-division-UITests";
				PRODUCT_NAME = "$(TARGET_NAME)";
				SWIFT_VERSION = 5.0;
				TARGETED_DEVICE_FAMILY = "1,2";
				TEST_TARGET_NAME = "Part5-division-";
			};
			name = Release;
		};
/* End XCBuildConfiguration section */

/* Begin XCConfigurationList section */
		5F80B3802571F45B003084B7 /* Build configuration list for PBXProject "Part5-division-" */ = {
			isa = XCConfigurationList;
			buildConfigurations = (
				5F80B3AD2571F460003084B7 /* Debug */,
				5F80B3AE2571F460003084B7 /* Release */,
			);
			defaultConfigurationIsVisible = 0;
			defaultConfigurationName = Release;
		};
		5F80B3AF2571F460003084B7 /* Build configuration list for PBXNativeTarget "Part5-division-" */ = {
			isa = XCConfigurationList;
			buildConfigurations = (
				5F80B3B02571F460003084B7 /* Debug */,
				5F80B3B12571F460003084B7 /* Release */,
			);
			defaultConfigurationIsVisible = 0;
			defaultConfigurationName = Release;
		};
		5F80B3B22571F460003084B7 /* Build configuration list for PBXNativeTarget "Part5-division-Tests" */ = {
			isa = XCConfigurationList;
			buildConfigurations = (
				5F80B3B32571F460003084B7 /* Debug */,
				5F80B3B42571F460003084B7 /* Release */,
			);
			defaultConfigurationIsVisible = 0;
			defaultConfigurationName = Release;
		};
		5F80B3B52571F460003084B7 /* Build configuration list for PBXNativeTarget "Part5-division-UITests" */ = {
			isa = XCConfigurationList;
			buildConfigurations = (
				5F80B3B62571F460003084B7 /* Debug */,
				5F80B3B72571F460003084B7 /* Release */,
			);
			defaultConfigurationIsVisible = 0;
			defaultConfigurationName = Release;
		};
/* End XCConfigurationList section */
	};
	rootObject = 5F80B37D2571F45B003084B7 /* Project object */;
}
